
Microsoft Visual Studio Solution File, Format Version 12.00
# Visual Studio Version 17
VisualStudioVersion = 17.9.34723.18
MinimumVisualStudioVersion = 10.0.40219.1
Project("{FAE04EC0-301F-11D3-BF4B-00C04F79EFBC}") = "MsGraphApiSamples", "MsGraphApiSamples\MsGraphApiSamples.csproj", "{47AAFE10-635C-4046-99E4-108F64411207}"
EndProject
Project("{FAE04EC0-301F-11D3-BF4B-00C04F79EFBC}") = "MsGraphApi", "MsGraphApi\MsGraphApi.csproj", "{AEB24444-A6CE-48B2-82E5-2A9E94AA8091}"
EndProject
Project("{FAE04EC0-301F-11D3-BF4B-00C04F79EFBC}") = "MsGraphApi.Tests", "MsGraphApi.Tests\MsGraphApi.Tests.csproj", "{DDF7597C-AB21-4B05-9F63-5596912B66ED}"
EndProject
Global
	GlobalSection(SolutionConfigurationPlatforms) = preSolution
		Debug|Any CPU = Debug|Any CPU
		Release|Any CPU = Release|Any CPU
	EndGlobalSection
	GlobalSection(ProjectConfigurationPlatforms) = postSolution
		{47AAFE10-635C-4046-99E4-108F64411207}.Debug|Any CPU.ActiveCfg = Debug|Any CPU
		{47AAFE10-635C-4046-99E4-108F64411207}.Debug|Any CPU.Build.0 = Debug|Any CPU
		{47AAFE10-635C-4046-99E4-108F64411207}.Release|Any CPU.ActiveCfg = Release|Any CPU
		{47AAFE10-635C-4046-99E4-108F64411207}.Release|Any CPU.Build.0 = Release|Any CPU
		{AEB24444-A6CE-48B2-82E5-2A9E94AA8091}.Debug|Any CPU.ActiveCfg = Debug|Any CPU
		{AEB24444-A6CE-48B2-82E5-2A9E94AA8091}.Debug|Any CPU.Build.0 = Debug|Any CPU
		{AEB24444-A6CE-48B2-82E5-2A9E94AA8091}.Release|Any CPU.ActiveCfg = Release|Any CPU
		{AEB24444-A6CE-48B2-82E5-2A9E94AA8091}.Release|Any CPU.Build.0 = Release|Any CPU
		{DDF7597C-AB21-4B05-9F63-5596912B66ED}.Debug|Any CPU.ActiveCfg = Debug|Any CPU
		{DDF7597C-AB21-4B05-9F63-5596912B66ED}.Debug|Any CPU.Build.0 = Debug|Any CPU
		{DDF7597C-AB21-4B05-9F63-5596912B66ED}.Release|Any CPU.ActiveCfg = Release|Any CPU
		{DDF7597C-AB21-4B05-9F63-5596912B66ED}.Release|Any CPU.Build.0 = Release|Any CPU
	EndGlobalSection
	GlobalSection(SolutionProperties) = preSolution
		HideSolutionNode = FALSE
	EndGlobalSection
	GlobalSection(ExtensibilityGlobals) = postSolution
		SolutionGuid = {DFBDDC71-49D2-4869-8903-205AE719B254}
	EndGlobalSection
EndGlobal
